
Microsoft Visual Studio Solution File, Format Version 12.00
# Visual Studio Version 17
VisualStudioVersion = 17.7.34024.191
MinimumVisualStudioVersion = 10.0.40219.1
Project("{FAE04EC0-301F-11D3-BF4B-00C04F79EFBC}") = "HalfChessClient", "HalfChessClient.csproj", "{C2971448-A856-41A0-B249-D7B3445A5518}"
EndProject
Global
	GlobalSection(SolutionConfigurationPlatforms) = preSolution
		Debug|Any CPU = Debug|Any CPU
		Release|Any CPU = Release|Any CPU
	EndGlobalSection
	GlobalSection(ProjectConfigurationPlatforms) = postSolution
		{C2971448-A856-41A0-B249-D7B3445A5518}.Debug|Any CPU.ActiveCfg = Debug|Any CPU
		{C2971448-A856-41A0-B249-D7B3445A5518}.Debug|Any CPU.Build.0 = Debug|Any CPU
		{C2971448-A856-41A0-B249-D7B3445A5518}.Release|Any CPU.ActiveCfg = Release|Any CPU
		{C2971448-A856-41A0-B249-D7B3445A5518}.Release|Any CPU.Build.0 = Release|Any CPU
	EndGlobalSection
	GlobalSection(SolutionProperties) = preSolution
		HideSolutionNode = FALSE
	EndGlobalSection
	GlobalSection(ExtensibilityGlobals) = postSolution
		SolutionGuid = {21FE8DE6-01A3-4F56-90C7-0290AB2AA246}
	EndGlobalSection
EndGlobal
